<Solution>
  <Folder Name="/Cores/">
    <Project Path="Core/Core.csproj" />
  </Folder>
  <Folder Name="/Modules/" />
  <Folder Name="/Modules/Todo/">
    <Project Path="Models/Models.csproj" />
    <Project Path="Service/Service.csproj" />
  </Folder>
  <Project Path="ProjectTestGit/ProjectTestGit.csproj" />
</Solution>
